// !$*UTF8*$!
{
	archiveVersion = 1;
	classes = {
	};
	objectVersion = 55;
	objects = {

/* Begin PBXBuildFile section */
		3FF2CF3E284A618500685DF1 /* AppMain.swift in Sources */ = {isa = PBXBuildFile; fileRef = 3FF2CF3D284A618500685DF1 /* AppMain.swift */; };
		3FF2CF6B284A621800685DF1 /* Card.swift in Sources */ = {isa = PBXBuildFile; fileRef = 3FF2CF6A284A621800685DF1 /* Card.swift */; };
		3FF2CF6D284A625700685DF1 /* DifficultyLevel.swift in Sources */ = {isa = PBXBuildFile; fileRef = 3FF2CF6C284A625700685DF1 /* DifficultyLevel.swift */; };
		3FF2CF6F284A626000685DF1 /* GameState.swift in Sources */ = {isa = PBXBuildFile; fileRef = 3FF2CF6E284A626000685DF1 /* GameState.swift */; };
		3FF2CF71284A626700685DF1 /* Animal.swift in Sources */ = {isa = PBXBuildFile; fileRef = 3FF2CF70284A626700685DF1 /* Animal.swift */; };
		3FF2CF73284A627200685DF1 /* Score.swift in Sources */ = {isa = PBXBuildFile; fileRef = 3FF2CF72284A627200685DF1 /* Score.swift */; };
		3FF2CF75284A627B00685DF1 /* ScorePersistence.swift in Sources */ = {isa = PBXBuildFile; fileRef = 3FF2CF74284A627B00685DF1 /* ScorePersistence.swift */; };
		3FF2CF77284A628500685DF1 /* QuackPlayer.swift in Sources */ = {isa = PBXBuildFile; fileRef = 3FF2CF76284A628500685DF1 /* QuackPlayer.swift */; };
		3FF2CF79284A628D00685DF1 /* ContentView.swift in Sources */ = {isa = PBXBuildFile; fileRef = 3FF2CF78284A628D00685DF1 /* ContentView.swift */; };
		3FF2CF7B284A629400685DF1 /* TitleScreenView.swift in Sources */ = {isa = PBXBuildFile; fileRef = 3FF2CF7A284A629400685DF1 /* TitleScreenView.swift */; };
		3FF2CF7D284A629A00685DF1 /* GameWinScreenView.swift in Sources */ = {isa = PBXBuildFile; fileRef = 3FF2CF7C284A629A00685DF1 /* GameWinScreenView.swift */; };
		3FF2CF7F284A629F00685DF1 /* GameScreenView.swift in Sources */ = {isa = PBXBuildFile; fileRef = 3FF2CF7E284A629F00685DF1 /* GameScreenView.swift */; };
		3FF2CF81284A62A600685DF1 /* CardGridView.swift in Sources */ = {isa = PBXBuildFile; fileRef = 3FF2CF80284A62A600685DF1 /* CardGridView.swift */; };
		3FF2CF83284A62A900685DF1 /* CardView.swift in Sources */ = {isa = PBXBuildFile; fileRef = 3FF2CF82284A62A900685DF1 /* CardView.swift */; };
		3FF2CF85284A62B000685DF1 /* CardBackContentView.swift in Sources */ = {isa = PBXBuildFile; fileRef = 3FF2CF84284A62B000685DF1 /* CardBackContentView.swift */; };
		3FF2CF87284A62B600685DF1 /* CardFrontContentView.swift in Sources */ = {isa = PBXBuildFile; fileRef = 3FF2CF86284A62B600685DF1 /* CardFrontContentView.swift */; };
		3FF2CF8B284A62C400685DF1 /* duck.mp3 in Resources */ = {isa = PBXBuildFile; fileRef = 3FF2CF89284A62C400685DF1 /* duck.mp3 */; };
		3FF2CF8E284A791A00685DF1 /* State.swift in Sources */ = {isa = PBXBuildFile; fileRef = 3FF2CF8D284A791A00685DF1 /* State.swift */; };
		3FF2CF90284A796000685DF1 /* Store.swift in Sources */ = {isa = PBXBuildFile; fileRef = 3FF2CF8F284A796000685DF1 /* Store.swift */; };
		3FF2CF92284A7BC800685DF1 /* Action.swift in Sources */ = {isa = PBXBuildFile; fileRef = 3FF2CF91284A7BC800685DF1 /* Action.swift */; };
		3FF2CF94284A7C2B00685DF1 /* Reducer.swift in Sources */ = {isa = PBXBuildFile; fileRef = 3FF2CF93284A7C2B00685DF1 /* Reducer.swift */; };
		3FF2CF98284A8BBA00685DF1 /* Middleware.swift in Sources */ = {isa = PBXBuildFile; fileRef = 3FF2CF97284A8BBA00685DF1 /* Middleware.swift */; };
		3FF2CF9A284A8C1200685DF1 /* GameLogicMiddleware.swift in Sources */ = {isa = PBXBuildFile; fileRef = 3FF2CF99284A8C1200685DF1 /* GameLogicMiddleware.swift */; };
		3FF2CF9B284AA39500685DF1 /* Assets.xcassets in Resources */ = {isa = PBXBuildFile; fileRef = 3FF2CF88284A62C300685DF1 /* Assets.xcassets */; };
		3FF2CF9C284AA39D00685DF1 /* Preview Assets.xcassets in Resources */ = {isa = PBXBuildFile; fileRef = 3FF2CF44284A618700685DF1 /* Preview Assets.xcassets */; };
/* End PBXBuildFile section */

/* Begin PBXFileReference section */
		3FF2CF3A284A618500685DF1 /* swiftui_redux.app */ = {isa = PBXFileReference; explicitFileType = wrapper.application; includeInIndex = 0; path = swiftui_redux.app; sourceTree = BUILT_PRODUCTS_DIR; };
		3FF2CF3D284A618500685DF1 /* AppMain.swift */ = {isa = PBXFileReference; lastKnownFileType = sourcecode.swift; path = AppMain.swift; sourceTree = "<group>"; };
		3FF2CF44284A618700685DF1 /* Preview Assets.xcassets */ = {isa = PBXFileReference; lastKnownFileType = folder.assetcatalog; path = "Preview Assets.xcassets"; sourceTree = "<group>"; };
		3FF2CF6A284A621800685DF1 /* Card.swift */ = {isa = PBXFileReference; lastKnownFileType = sourcecode.swift; path = Card.swift; sourceTree = "<group>"; };
		3FF2CF6C284A625700685DF1 /* DifficultyLevel.swift */ = {isa = PBXFileReference; lastKnownFileType = sourcecode.swift; path = DifficultyLevel.swift; sourceTree = "<group>"; };
		3FF2CF6E284A626000685DF1 /* GameState.swift */ = {isa = PBXFileReference; lastKnownFileType = sourcecode.swift; path = GameState.swift; sourceTree = "<group>"; };
		3FF2CF70284A626700685DF1 /* Animal.swift */ = {isa = PBXFileReference; lastKnownFileType = sourcecode.swift; path = Animal.swift; sourceTree = "<group>"; };
		3FF2CF72284A627200685DF1 /* Score.swift */ = {isa = PBXFileReference; lastKnownFileType = sourcecode.swift; path = Score.swift; sourceTree = "<group>"; };
		3FF2CF74284A627B00685DF1 /* ScorePersistence.swift */ = {isa = PBXFileReference; lastKnownFileType = sourcecode.swift; path = ScorePersistence.swift; sourceTree = "<group>"; };
		3FF2CF76284A628500685DF1 /* QuackPlayer.swift */ = {isa = PBXFileReference; lastKnownFileType = sourcecode.swift; path = QuackPlayer.swift; sourceTree = "<group>"; };
		3FF2CF78284A628D00685DF1 /* ContentView.swift */ = {isa = PBXFileReference; lastKnownFileType = sourcecode.swift; path = ContentView.swift; sourceTree = "<group>"; };
		3FF2CF7A284A629400685DF1 /* TitleScreenView.swift */ = {isa = PBXFileReference; lastKnownFileType = sourcecode.swift; path = TitleScreenView.swift; sourceTree = "<group>"; };
		3FF2CF7C284A629A00685DF1 /* GameWinScreenView.swift */ = {isa = PBXFileReference; lastKnownFileType = sourcecode.swift; path = GameWinScreenView.swift; sourceTree = "<group>"; };
		3FF2CF7E284A629F00685DF1 /* GameScreenView.swift */ = {isa = PBXFileReference; lastKnownFileType = sourcecode.swift; path = GameScreenView.swift; sourceTree = "<group>"; };
		3FF2CF80284A62A600685DF1 /* CardGridView.swift */ = {isa = PBXFileReference; lastKnownFileType = sourcecode.swift; path = CardGridView.swift; sourceTree = "<group>"; };
		3FF2CF82284A62A900685DF1 /* CardView.swift */ = {isa = PBXFileReference; lastKnownFileType = sourcecode.swift; path = CardView.swift; sourceTree = "<group>"; };
		3FF2CF84284A62B000685DF1 /* CardBackContentView.swift */ = {isa = PBXFileReference; lastKnownFileType = sourcecode.swift; path = CardBackContentView.swift; sourceTree = "<group>"; };
		3FF2CF86284A62B600685DF1 /* CardFrontContentView.swift */ = {isa = PBXFileReference; lastKnownFileType = sourcecode.swift; path = CardFrontContentView.swift; sourceTree = "<group>"; };
		3FF2CF88284A62C300685DF1 /* Assets.xcassets */ = {isa = PBXFileReference; lastKnownFileType = folder.assetcatalog; path = Assets.xcassets; sourceTree = "<group>"; };
		3FF2CF89284A62C400685DF1 /* duck.mp3 */ = {isa = PBXFileReference; lastKnownFileType = audio.mp3; path = duck.mp3; sourceTree = "<group>"; };
		3FF2CF8D284A791A00685DF1 /* State.swift */ = {isa = PBXFileReference; lastKnownFileType = sourcecode.swift; path = State.swift; sourceTree = "<group>"; };
		3FF2CF8F284A796000685DF1 /* Store.swift */ = {isa = PBXFileReference; lastKnownFileType = sourcecode.swift; path = Store.swift; sourceTree = "<group>"; };
		3FF2CF91284A7BC800685DF1 /* Action.swift */ = {isa = PBXFileReference; lastKnownFileType = sourcecode.swift; path = Action.swift; sourceTree = "<group>"; };
		3FF2CF93284A7C2B00685DF1 /* Reducer.swift */ = {isa = PBXFileReference; lastKnownFileType = sourcecode.swift; path = Reducer.swift; sourceTree = "<group>"; };
		3FF2CF97284A8BBA00685DF1 /* Middleware.swift */ = {isa = PBXFileReference; lastKnownFileType = sourcecode.swift; path = Middleware.swift; sourceTree = "<group>"; };
		3FF2CF99284A8C1200685DF1 /* GameLogicMiddleware.swift */ = {isa = PBXFileReference; lastKnownFileType = sourcecode.swift; path = GameLogicMiddleware.swift; sourceTree = "<group>"; };
/* End PBXFileReference section */

/* Begin PBXFrameworksBuildPhase section */
		3FF2CF37284A618500685DF1 /* Frameworks */ = {
			isa = PBXFrameworksBuildPhase;
			buildActionMask = 2147483647;
			files = (
			);
			runOnlyForDeploymentPostprocessing = 0;
		};
/* End PBXFrameworksBuildPhase section */

/* Begin PBXGroup section */
		3FF2CF31284A618500685DF1 = {
			isa = PBXGroup;
			children = (
				3FF2CF3C284A618500685DF1 /* swiftui_redux */,
				3FF2CF3B284A618500685DF1 /* Products */,
			);
			sourceTree = "<group>";
		};
		3FF2CF3B284A618500685DF1 /* Products */ = {
			isa = PBXGroup;
			children = (
				3FF2CF3A284A618500685DF1 /* swiftui_redux.app */,
			);
			name = Products;
			sourceTree = "<group>";
		};
		3FF2CF3C284A618500685DF1 /* swiftui_redux */ = {
			isa = PBXGroup;
			children = (
				3FF2CF8C284A790F00685DF1 /* State */,
				3FF2CF69284A61AA00685DF1 /* Assets */,
				3FF2CF68284A619F00685DF1 /* Views */,
				3FF2CF67284A619B00685DF1 /* Models */,
				3FF2CF3D284A618500685DF1 /* AppMain.swift */,
				3FF2CF43284A618700685DF1 /* Preview Content */,
			);
			path = swiftui_redux;
			sourceTree = "<group>";
		};
		3FF2CF43284A618700685DF1 /* Preview Content */ = {
			isa = PBXGroup;
			children = (
				3FF2CF44284A618700685DF1 /* Preview Assets.xcassets */,
			);
			path = "Preview Content";
			sourceTree = "<group>";
		};
		3FF2CF67284A619B00685DF1 /* Models */ = {
			isa = PBXGroup;
			children = (
				3FF2CF6A284A621800685DF1 /* Card.swift */,
				3FF2CF6C284A625700685DF1 /* DifficultyLevel.swift */,
				3FF2CF6E284A626000685DF1 /* GameState.swift */,
				3FF2CF70284A626700685DF1 /* Animal.swift */,
				3FF2CF72284A627200685DF1 /* Score.swift */,
				3FF2CF74284A627B00685DF1 /* ScorePersistence.swift */,
				3FF2CF76284A628500685DF1 /* QuackPlayer.swift */,
			);
			path = Models;
			sourceTree = "<group>";
		};
		3FF2CF68284A619F00685DF1 /* Views */ = {
			isa = PBXGroup;
			children = (
				3FF2CF78284A628D00685DF1 /* ContentView.swift */,
				3FF2CF7A284A629400685DF1 /* TitleScreenView.swift */,
				3FF2CF7C284A629A00685DF1 /* GameWinScreenView.swift */,
				3FF2CF7E284A629F00685DF1 /* GameScreenView.swift */,
				3FF2CF80284A62A600685DF1 /* CardGridView.swift */,
				3FF2CF82284A62A900685DF1 /* CardView.swift */,
				3FF2CF84284A62B000685DF1 /* CardBackContentView.swift */,
				3FF2CF86284A62B600685DF1 /* CardFrontContentView.swift */,
			);
			path = Views;
			sourceTree = "<group>";
		};
		3FF2CF69284A61AA00685DF1 /* Assets */ = {
			isa = PBXGroup;
			children = (
				3FF2CF88284A62C300685DF1 /* Assets.xcassets */,
				3FF2CF89284A62C400685DF1 /* duck.mp3 */,
			);
			path = Assets;
			sourceTree = "<group>";
		};
		3FF2CF8C284A790F00685DF1 /* State */ = {
			isa = PBXGroup;
			children = (
				3FF2CF8D284A791A00685DF1 /* State.swift */,
				3FF2CF8F284A796000685DF1 /* Store.swift */,
				3FF2CF91284A7BC800685DF1 /* Action.swift */,
				3FF2CF93284A7C2B00685DF1 /* Reducer.swift */,
				3FF2CF97284A8BBA00685DF1 /* Middleware.swift */,
				3FF2CF99284A8C1200685DF1 /* GameLogicMiddleware.swift */,
			);
			path = State;
			sourceTree = "<group>";
		};
/* End PBXGroup section */

/* Begin PBXNativeTarget section */
		3FF2CF39284A618500685DF1 /* swiftui_redux */ = {
			isa = PBXNativeTarget;
			buildConfigurationList = 3FF2CF5E284A618800685DF1 /* Build configuration list for PBXNativeTarget "swiftui_redux" */;
			buildPhases = (
				3FF2CF36284A618500685DF1 /* Sources */,
				3FF2CF37284A618500685DF1 /* Frameworks */,
				3FF2CF38284A618500685DF1 /* Resources */,
			);
			buildRules = (
			);
			dependencies = (
			);
			name = swiftui_redux;
			productName = swiftui_redux;
			productReference = 3FF2CF3A284A618500685DF1 /* swiftui_redux.app */;
			productType = "com.apple.product-type.application";
		};
/* End PBXNativeTarget section */

/* Begin PBXProject section */
		3FF2CF32284A618500685DF1 /* Project object */ = {
			isa = PBXProject;
			attributes = {
				BuildIndependentTargetsInParallel = 1;
				LastSwiftUpdateCheck = 1330;
				LastUpgradeCheck = 1330;
				TargetAttributes = {
					3FF2CF39284A618500685DF1 = {
						CreatedOnToolsVersion = 13.3.1;
					};
				};
			};
			buildConfigurationList = 3FF2CF35284A618500685DF1 /* Build configuration list for PBXProject "swiftui_redux" */;
			compatibilityVersion = "Xcode 13.0";
			developmentRegion = en;
			hasScannedForEncodings = 0;
			knownRegions = (
				en,
				Base,
			);
			mainGroup = 3FF2CF31284A618500685DF1;
			productRefGroup = 3FF2CF3B284A618500685DF1 /* Products */;
			projectDirPath = "";
			projectRoot = "";
			targets = (
				3FF2CF39284A618500685DF1 /* swiftui_redux */,
			);
		};
/* End PBXProject section */

/* Begin PBXResourcesBuildPhase section */
		3FF2CF38284A618500685DF1 /* Resources */ = {
			isa = PBXResourcesBuildPhase;
			buildActionMask = 2147483647;
			files = (
				3FF2CF9C284AA39D00685DF1 /* Preview Assets.xcassets in Resources */,
				3FF2CF9B284AA39500685DF1 /* Assets.xcassets in Resources */,
				3FF2CF8B284A62C400685DF1 /* duck.mp3 in Resources */,
			);
			runOnlyForDeploymentPostprocessing = 0;
		};
/* End PBXResourcesBuildPhase section */

/* Begin PBXSourcesBuildPhase section */
		3FF2CF36284A618500685DF1 /* Sources */ = {
			isa = PBXSourcesBuildPhase;
			buildActionMask = 2147483647;
			files = (
				3FF2CF73284A627200685DF1 /* Score.swift in Sources */,
				3FF2CF7D284A629A00685DF1 /* GameWinScreenView.swift in Sources */,
				3FF2CF87284A62B600685DF1 /* CardFrontContentView.swift in Sources */,
				3FF2CF90284A796000685DF1 /* Store.swift in Sources */,
				3FF2CF7F284A629F00685DF1 /* GameScreenView.swift in Sources */,
				3FF2CF83284A62A900685DF1 /* CardView.swift in Sources */,
				3FF2CF98284A8BBA00685DF1 /* Middleware.swift in Sources */,
				3FF2CF85284A62B000685DF1 /* CardBackContentView.swift in Sources */,
				3FF2CF9A284A8C1200685DF1 /* GameLogicMiddleware.swift in Sources */,
				3FF2CF92284A7BC800685DF1 /* Action.swift in Sources */,
				3FF2CF7B284A629400685DF1 /* TitleScreenView.swift in Sources */,
				3FF2CF77284A628500685DF1 /* QuackPlayer.swift in Sources */,
				3FF2CF75284A627B00685DF1 /* ScorePersistence.swift in Sources */,
				3FF2CF6B284A621800685DF1 /* Card.swift in Sources */,
				3FF2CF6F284A626000685DF1 /* GameState.swift in Sources */,
				3FF2CF79284A628D00685DF1 /* ContentView.swift in Sources */,
				3FF2CF81284A62A600685DF1 /* CardGridView.swift in Sources */,
				3FF2CF8E284A791A00685DF1 /* State.swift in Sources */,
				3FF2CF3E284A618500685DF1 /* AppMain.swift in Sources */,
				3FF2CF6D284A625700685DF1 /* DifficultyLevel.swift in Sources */,
				3FF2CF94284A7C2B00685DF1 /* Reducer.swift in Sources */,
				3FF2CF71284A626700685DF1 /* Animal.swift in Sources */,
			);
			runOnlyForDeploymentPostprocessing = 0;
		};
/* End PBXSourcesBuildPhase section */

/* Begin XCBuildConfiguration section */
		3FF2CF5C284A618800685DF1 /* Debug */ = {
			isa = XCBuildConfiguration;
			buildSettings = {
				ALWAYS_SEARCH_USER_PATHS = NO;
				CLANG_ANALYZER_NONNULL = YES;
				CLANG_ANALYZER_NUMBER_OBJECT_CONVERSION = YES_AGGRESSIVE;
				CLANG_CXX_LANGUAGE_STANDARD = "gnu++17";
				CLANG_ENABLE_MODULES = YES;
				CLANG_ENABLE_OBJC_ARC = YES;
				CLANG_ENABLE_OBJC_WEAK = YES;
				CLANG_WARN_BLOCK_CAPTURE_AUTORELEASING = YES;
				CLANG_WARN_BOOL_CONVERSION = YES;
				CLANG_WARN_COMMA = YES;
				CLANG_WARN_CONSTANT_CONVERSION = YES;
				CLANG_WARN_DEPRECATED_OBJC_IMPLEMENTATIONS = YES;
				CLANG_WARN_DIRECT_OBJC_ISA_USAGE = YES_ERROR;
				CLANG_WARN_DOCUMENTATION_COMMENTS = YES;
				CLANG_WARN_EMPTY_BODY = YES;
				CLANG_WARN_ENUM_CONVERSION = YES;
				CLANG_WARN_INFINITE_RECURSION = YES;
				CLANG_WARN_INT_CONVERSION = YES;
				CLANG_WARN_NON_LITERAL_NULL_CONVERSION = YES;
				CLANG_WARN_OBJC_IMPLICIT_RETAIN_SELF = YES;
				CLANG_WARN_OBJC_LITERAL_CONVERSION = YES;
				CLANG_WARN_OBJC_ROOT_CLASS = YES_ERROR;
				CLANG_WARN_QUOTED_INCLUDE_IN_FRAMEWORK_HEADER = YES;
				CLANG_WARN_RANGE_LOOP_ANALYSIS = YES;
				CLANG_WARN_STRICT_PROTOTYPES = YES;
				CLANG_WARN_SUSPICIOUS_MOVE = YES;
				CLANG_WARN_UNGUARDED_AVAILABILITY = YES_AGGRESSIVE;
				CLANG_WARN_UNREACHABLE_CODE = YES;
				CLANG_WARN__DUPLICATE_METHOD_MATCH = YES;
				COPY_PHASE_STRIP = NO;
				DEBUG_INFORMATION_FORMAT = dwarf;
				ENABLE_STRICT_OBJC_MSGSEND = YES;
				ENABLE_TESTABILITY = YES;
				GCC_C_LANGUAGE_STANDARD = gnu11;
				GCC_DYNAMIC_NO_PIC = NO;
				GCC_NO_COMMON_BLOCKS = YES;
				GCC_OPTIMIZATION_LEVEL = 0;
				GCC_PREPROCESSOR_DEFINITIONS = (
					"DEBUG=1",
					"$(inherited)",
				);
				GCC_WARN_64_TO_32_BIT_CONVERSION = YES;
				GCC_WARN_ABOUT_RETURN_TYPE = YES_ERROR;
				GCC_WARN_UNDECLARED_SELECTOR = YES;
				GCC_WARN_UNINITIALIZED_AUTOS = YES_AGGRESSIVE;
				GCC_WARN_UNUSED_FUNCTION = YES;
				GCC_WARN_UNUSED_VARIABLE = YES;
				IPHONEOS_DEPLOYMENT_TARGET = 15.0;
				MTL_ENABLE_DEBUG_INFO = INCLUDE_SOURCE;
				MTL_FAST_MATH = YES;
				ONLY_ACTIVE_ARCH = YES;
				SDKROOT = iphoneos;
				SWIFT_ACTIVE_COMPILATION_CONDITIONS = DEBUG;
				SWIFT_OPTIMIZATION_LEVEL = "-Onone";
			};
			name = Debug;
		};
		3FF2CF5D284A618800685DF1 /* Release */ = {
			isa = XCBuildConfiguration;
			buildSettings = {
				ALWAYS_SEARCH_USER_PATHS = NO;
				CLANG_ANALYZER_NONNULL = YES;
				CLANG_ANALYZER_NUMBER_OBJECT_CONVERSION = YES_AGGRESSIVE;
				CLANG_CXX_LANGUAGE_STANDARD = "gnu++17";
				CLANG_ENABLE_MODULES = YES;
				CLANG_ENABLE_OBJC_ARC = YES;
				CLANG_ENABLE_OBJC_WEAK = YES;
				CLANG_WARN_BLOCK_CAPTURE_AUTORELEASING = YES;
				CLANG_WARN_BOOL_CONVERSION = YES;
				CLANG_WARN_COMMA = YES;
				CLANG_WARN_CONSTANT_CONVERSION = YES;
				CLANG_WARN_DEPRECATED_OBJC_IMPLEMENTATIONS = YES;
				CLANG_WARN_DIRECT_OBJC_ISA_USAGE = YES_ERROR;
				CLANG_WARN_DOCUMENTATION_COMMENTS = YES;
				CLANG_WARN_EMPTY_BODY = YES;
				CLANG_WARN_ENUM_CONVERSION = YES;
				CLANG_WARN_INFINITE_RECURSION = YES;
				CLANG_WARN_INT_CONVERSION = YES;
				CLANG_WARN_NON_LITERAL_NULL_CONVERSION = YES;
				CLANG_WARN_OBJC_IMPLICIT_RETAIN_SELF = YES;
				CLANG_WARN_OBJC_LITERAL_CONVERSION = YES;
				CLANG_WARN_OBJC_ROOT_CLASS = YES_ERROR;
				CLANG_WARN_QUOTED_INCLUDE_IN_FRAMEWORK_HEADER = YES;
				CLANG_WARN_RANGE_LOOP_ANALYSIS = YES;
				CLANG_WARN_STRICT_PROTOTYPES = YES;
				CLANG_WARN_SUSPICIOUS_MOVE = YES;
				CLANG_WARN_UNGUARDED_AVAILABILITY = YES_AGGRESSIVE;
				CLANG_WARN_UNREACHABLE_CODE = YES;
				CLANG_WARN__DUPLICATE_METHOD_MATCH = YES;
				COPY_PHASE_STRIP = NO;
				DEBUG_INFORMATION_FORMAT = "dwarf-with-dsym";
				ENABLE_NS_ASSERTIONS = NO;
				ENABLE_STRICT_OBJC_MSGSEND = YES;
				GCC_C_LANGUAGE_STANDARD = gnu11;
				GCC_NO_COMMON_BLOCKS = YES;
				GCC_WARN_64_TO_32_BIT_CONVERSION = YES;
				GCC_WARN_ABOUT_RETURN_TYPE = YES_ERROR;
				GCC_WARN_UNDECLARED_SELECTOR = YES;
				GCC_WARN_UNINITIALIZED_AUTOS = YES_AGGRESSIVE;
				GCC_WARN_UNUSED_FUNCTION = YES;
				GCC_WARN_UNUSED_VARIABLE = YES;
				IPHONEOS_DEPLOYMENT_TARGET = 15.0;
				MTL_ENABLE_DEBUG_INFO = NO;
				MTL_FAST_MATH = YES;
				SDKROOT = iphoneos;
				SWIFT_COMPILATION_MODE = wholemodule;
				SWIFT_OPTIMIZATION_LEVEL = "-O";
				VALIDATE_PRODUCT = YES;
			};
			name = Release;
		};
		3FF2CF5F284A618800685DF1 /* Debug */ = {
			isa = XCBuildConfiguration;
			buildSettings = {
				ASSETCATALOG_COMPILER_APPICON_NAME = AppIcon;
				ASSETCATALOG_COMPILER_GLOBAL_ACCENT_COLOR_NAME = AccentColor;
				CODE_SIGN_STYLE = Automatic;
				CURRENT_PROJECT_VERSION = 1;
				DEVELOPMENT_ASSET_PATHS = "\"swiftui_redux/Preview Content\"";
				DEVELOPMENT_TEAM = EUPL5H953B;
				ENABLE_PREVIEWS = YES;
				GENERATE_INFOPLIST_FILE = YES;
				INFOPLIST_KEY_UIApplicationSceneManifest_Generation = YES;
				INFOPLIST_KEY_UIApplicationSupportsIndirectInputEvents = YES;
				INFOPLIST_KEY_UILaunchScreen_Generation = YES;
				INFOPLIST_KEY_UISupportedInterfaceOrientations_iPad = "UIInterfaceOrientationPortrait UIInterfaceOrientationPortraitUpsideDown UIInterfaceOrientationLandscapeLeft UIInterfaceOrientationLandscapeRight";
				INFOPLIST_KEY_UISupportedInterfaceOrientations_iPhone = "UIInterfaceOrientationPortrait UIInterfaceOrientationLandscapeLeft UIInterfaceOrientationLandscapeRight";
				LD_RUNPATH_SEARCH_PATHS = (
					"$(inherited)",
					"@executable_path/Frameworks",
				);
				MARKETING_VERSION = 1.0;
				PRODUCT_BUNDLE_IDENTIFIER = "studiostorquato.swiftui-redux";
				PRODUCT_NAME = "$(TARGET_NAME)";
				SWIFT_EMIT_LOC_STRINGS = YES;
				SWIFT_VERSION = 5.0;
				TARGETED_DEVICE_FAMILY = "1,2";
			};
			name = Debug;
		};
		3FF2CF60284A618800685DF1 /* Release */ = {
			isa = XCBuildConfiguration;
			buildSettings = {
				ASSETCATALOG_COMPILER_APPICON_NAME = AppIcon;
				ASSETCATALOG_COMPILER_GLOBAL_ACCENT_COLOR_NAME = AccentColor;
				CODE_SIGN_STYLE = Automatic;
				CURRENT_PROJECT_VERSION = 1;
				DEVELOPMENT_ASSET_PATHS = "\"swiftui_redux/Preview Content\"";
				DEVELOPMENT_TEAM = EUPL5H953B;
				ENABLE_PREVIEWS = YES;
				GENERATE_INFOPLIST_FILE = YES;
				INFOPLIST_KEY_UIApplicationSceneManifest_Generation = YES;
				INFOPLIST_KEY_UIApplicationSupportsIndirectInputEvents = YES;
				INFOPLIST_KEY_UILaunchScreen_Generation = YES;
				INFOPLIST_KEY_UISupportedInterfaceOrientations_iPad = "UIInterfaceOrientationPortrait UIInterfaceOrientationPortraitUpsideDown UIInterfaceOrientationLandscapeLeft UIInterfaceOrientationLandscapeRight";
				INFOPLIST_KEY_UISupportedInterfaceOrientations_iPhone = "UIInterfaceOrientationPortrait UIInterfaceOrientationLandscapeLeft UIInterfaceOrientationLandscapeRight";
				LD_RUNPATH_SEARCH_PATHS = (
					"$(inherited)",
					"@executable_path/Frameworks",
				);
				MARKETING_VERSION = 1.0;
				PRODUCT_BUNDLE_IDENTIFIER = "studiostorquato.swiftui-redux";
				PRODUCT_NAME = "$(TARGET_NAME)";
				SWIFT_EMIT_LOC_STRINGS = YES;
				SWIFT_VERSION = 5.0;
				TARGETED_DEVICE_FAMILY = "1,2";
			};
			name = Release;
		};
/* End XCBuildConfiguration section */

/* Begin XCConfigurationList section */
		3FF2CF35284A618500685DF1 /* Build configuration list for PBXProject "swiftui_redux" */ = {
			isa = XCConfigurationList;
			buildConfigurations = (
				3FF2CF5C284A618800685DF1 /* Debug */,
				3FF2CF5D284A618800685DF1 /* Release */,
			);
			defaultConfigurationIsVisible = 0;
			defaultConfigurationName = Release;
		};
		3FF2CF5E284A618800685DF1 /* Build configuration list for PBXNativeTarget "swiftui_redux" */ = {
			isa = XCConfigurationList;
			buildConfigurations = (
				3FF2CF5F284A618800685DF1 /* Debug */,
				3FF2CF60284A618800685DF1 /* Release */,
			);
			defaultConfigurationIsVisible = 0;
			defaultConfigurationName = Release;
		};
/* End XCConfigurationList section */
	};
	rootObject = 3FF2CF32284A618500685DF1 /* Project object */;
}
